
Microsoft Visual Studio Solution File, Format Version 12.00
# Visual Studio Version 17
VisualStudioVersion = 17.0.31903.59
MinimumVisualStudioVersion = 10.0.40219.1
Project("{FAE04EC0-301F-11D3-BF4B-00C04F79EFBC}") = "Api", "Src\Api.csproj", "{416BCD80-46A5-4BB5-B9D2-F587623F6DA3}"
EndProject
Project("{FAE04EC0-301F-11D3-BF4B-00C04F79EFBC}") = "ApiTest", "Test\ApiTest.csproj", "{7365093E-54CF-4F00-91F3-EBD0691DAB59}"
EndProject
Global
	GlobalSection(SolutionConfigurationPlatforms) = preSolution
		Debug|Any CPU = Debug|Any CPU
		Release|Any CPU = Release|Any CPU
	EndGlobalSection
	GlobalSection(SolutionProperties) = preSolution
		HideSolutionNode = FALSE
	EndGlobalSection
	GlobalSection(ProjectConfigurationPlatforms) = postSolution
		{416BCD80-46A5-4BB5-B9D2-F587623F6DA3}.Debug|Any CPU.ActiveCfg = Debug|Any CPU
		{416BCD80-46A5-4BB5-B9D2-F587623F6DA3}.Debug|Any CPU.Build.0 = Debug|Any CPU
		{416BCD80-46A5-4BB5-B9D2-F587623F6DA3}.Release|Any CPU.ActiveCfg = Release|Any CPU
		{416BCD80-46A5-4BB5-B9D2-F587623F6DA3}.Release|Any CPU.Build.0 = Release|Any CPU
		{7365093E-54CF-4F00-91F3-EBD0691DAB59}.Debug|Any CPU.ActiveCfg = Debug|Any CPU
		{7365093E-54CF-4F00-91F3-EBD0691DAB59}.Debug|Any CPU.Build.0 = Debug|Any CPU
		{7365093E-54CF-4F00-91F3-EBD0691DAB59}.Release|Any CPU.ActiveCfg = Release|Any CPU
		{7365093E-54CF-4F00-91F3-EBD0691DAB59}.Release|Any CPU.Build.0 = Release|Any CPU
	EndGlobalSection
EndGlobal
